
Microsoft Visual Studio Solution File, Format Version 12.00
# Visual Studio Version 17
VisualStudioVersion = 17.1.32210.238
MinimumVisualStudioVersion = 10.0.40219.1
Project("{9A19103F-16F7-4668-BE54-9A1E7A4F7556}") = "ATS.Domain", "ATS.Domain\ATS.Domain.csproj", "{C19654C1-9A6C-4AEC-8AC3-1FD3F44AB380}"
EndProject
Project("{9A19103F-16F7-4668-BE54-9A1E7A4F7556}") = "ATS.Application", "ATS.Application\ATS.Application.csproj", "{38E8F78F-E91E-479A-B3C2-864CC3651EE6}"
EndProject
Project("{9A19103F-16F7-4668-BE54-9A1E7A4F7556}") = "ATS.Infra", "ATS.Infra\ATS.Infra.csproj", "{FC9544FC-2643-4035-8011-1058F4C864E0}"
EndProject
Project("{9A19103F-16F7-4668-BE54-9A1E7A4F7556}") = "ATS.Web", "ATS.Web\ATS.Web.csproj", "{C15C33C8-1272-4A9A-A0EE-5D9ED5A21385}"
EndProject
Project("{FAE04EC0-301F-11D3-BF4B-00C04F79EFBC}") = "ATS.Domain.Test", "ATS.Domain.Test\ATS.Domain.Test.csproj", "{8BFDC581-2E23-4890-A07C-2D8A9A1B9A2F}"
EndProject
Global
	GlobalSection(SolutionConfigurationPlatforms) = preSolution
		Debug|Any CPU = Debug|Any CPU
		Release|Any CPU = Release|Any CPU
	EndGlobalSection
	GlobalSection(ProjectConfigurationPlatforms) = postSolution
		{C19654C1-9A6C-4AEC-8AC3-1FD3F44AB380}.Debug|Any CPU.ActiveCfg = Debug|Any CPU
		{C19654C1-9A6C-4AEC-8AC3-1FD3F44AB380}.Debug|Any CPU.Build.0 = Debug|Any CPU
		{C19654C1-9A6C-4AEC-8AC3-1FD3F44AB380}.Release|Any CPU.ActiveCfg = Release|Any CPU
		{C19654C1-9A6C-4AEC-8AC3-1FD3F44AB380}.Release|Any CPU.Build.0 = Release|Any CPU
		{38E8F78F-E91E-479A-B3C2-864CC3651EE6}.Debug|Any CPU.ActiveCfg = Debug|Any CPU
		{38E8F78F-E91E-479A-B3C2-864CC3651EE6}.Debug|Any CPU.Build.0 = Debug|Any CPU
		{38E8F78F-E91E-479A-B3C2-864CC3651EE6}.Release|Any CPU.ActiveCfg = Release|Any CPU
		{38E8F78F-E91E-479A-B3C2-864CC3651EE6}.Release|Any CPU.Build.0 = Release|Any CPU
		{FC9544FC-2643-4035-8011-1058F4C864E0}.Debug|Any CPU.ActiveCfg = Debug|Any CPU
		{FC9544FC-2643-4035-8011-1058F4C864E0}.Debug|Any CPU.Build.0 = Debug|Any CPU
		{FC9544FC-2643-4035-8011-1058F4C864E0}.Release|Any CPU.ActiveCfg = Release|Any CPU
		{FC9544FC-2643-4035-8011-1058F4C864E0}.Release|Any CPU.Build.0 = Release|Any CPU
		{C15C33C8-1272-4A9A-A0EE-5D9ED5A21385}.Debug|Any CPU.ActiveCfg = Debug|Any CPU
		{C15C33C8-1272-4A9A-A0EE-5D9ED5A21385}.Debug|Any CPU.Build.0 = Debug|Any CPU
		{C15C33C8-1272-4A9A-A0EE-5D9ED5A21385}.Release|Any CPU.ActiveCfg = Release|Any CPU
		{C15C33C8-1272-4A9A-A0EE-5D9ED5A21385}.Release|Any CPU.Build.0 = Release|Any CPU
		{8BFDC581-2E23-4890-A07C-2D8A9A1B9A2F}.Debug|Any CPU.ActiveCfg = Debug|Any CPU
		{8BFDC581-2E23-4890-A07C-2D8A9A1B9A2F}.Debug|Any CPU.Build.0 = Debug|Any CPU
		{8BFDC581-2E23-4890-A07C-2D8A9A1B9A2F}.Release|Any CPU.ActiveCfg = Release|Any CPU
		{8BFDC581-2E23-4890-A07C-2D8A9A1B9A2F}.Release|Any CPU.Build.0 = Release|Any CPU
	EndGlobalSection
	GlobalSection(SolutionProperties) = preSolution
		HideSolutionNode = FALSE
	EndGlobalSection
	GlobalSection(ExtensibilityGlobals) = postSolution
		SolutionGuid = {400F9587-7EE8-4E86-B81F-98A028A5E64A}
	EndGlobalSection
EndGlobal
